
Microsoft Visual Studio Solution File, Format Version 12.00
# Visual Studio Version 17
VisualStudioVersion = 17.0.31903.59
MinimumVisualStudioVersion = 10.0.40219.1
Project("{2150E333-8FDC-42A3-9474-1A3956D46DE8}") = "src", "src", "{FECFC48E-9F21-41F7-9F4D-B1668AFA973F}"
EndProject
Project("{FAE04EC0-301F-11D3-BF4B-00C04F79EFBC}") = "AuctionService", "src\AuctionService\AuctionService.csproj", "{23A6F857-9351-4975-A2F1-02E3C44F140D}"
EndProject
Project("{FAE04EC0-301F-11D3-BF4B-00C04F79EFBC}") = "SearchService", "src\SearchService\SearchService.csproj", "{7A392012-6BC2-4C84-A084-F7CA8FF23B1E}"
EndProject
Project("{FAE04EC0-301F-11D3-BF4B-00C04F79EFBC}") = "Contracts", "src\Contracts\Contracts.csproj", "{B545CBA6-2C5B-4EAA-9F11-511A1E06753D}"
EndProject
Project("{FAE04EC0-301F-11D3-BF4B-00C04F79EFBC}") = "IdentityService", "src\IdentityService\IdentityService.csproj", "{320D049B-5BFE-44FE-AF46-0EAA0D59E1A5}"
EndProject
Project("{FAE04EC0-301F-11D3-BF4B-00C04F79EFBC}") = "GatewayService", "src\GatewayService\GatewayService.csproj", "{E47FA79A-07D5-40FB-A564-CD724CFAD8F1}"
EndProject
Project("{FAE04EC0-301F-11D3-BF4B-00C04F79EFBC}") = "BiddingService", "src\BiddingService\BiddingService.csproj", "{56AA515D-C2EB-4E4D-B5D6-E231AAD5F0EE}"
EndProject
Project("{FAE04EC0-301F-11D3-BF4B-00C04F79EFBC}") = "NotificationService", "src\NotificationService\NotificationService.csproj", "{8138698C-6D43-4EC9-B962-39342B0F211B}"
EndProject
Project("{2150E333-8FDC-42A3-9474-1A3956D46DE8}") = "tests", "tests", "{BE31D1CD-EFA3-4B0E-9621-62B1BCC2DEED}"
EndProject
Project("{FAE04EC0-301F-11D3-BF4B-00C04F79EFBC}") = "AuctionService.UnitTests", "tests\AuctionService.UnitTests\AuctionService.UnitTests.csproj", "{86E3285C-C409-484F-B6F6-09F75132948E}"
EndProject
Project("{FAE04EC0-301F-11D3-BF4B-00C04F79EFBC}") = "AuctionService.IntegrationTests", "tests\AuctionService.IntegrationTests\AuctionService.IntegrationTests.csproj", "{D15F31C5-F521-4256-8156-F65058CA8006}"
EndProject
Global
	GlobalSection(SolutionConfigurationPlatforms) = preSolution
		Debug|Any CPU = Debug|Any CPU
		Release|Any CPU = Release|Any CPU
	EndGlobalSection
	GlobalSection(ProjectConfigurationPlatforms) = postSolution
		{23A6F857-9351-4975-A2F1-02E3C44F140D}.Debug|Any CPU.ActiveCfg = Debug|Any CPU
		{23A6F857-9351-4975-A2F1-02E3C44F140D}.Debug|Any CPU.Build.0 = Debug|Any CPU
		{23A6F857-9351-4975-A2F1-02E3C44F140D}.Release|Any CPU.ActiveCfg = Release|Any CPU
		{23A6F857-9351-4975-A2F1-02E3C44F140D}.Release|Any CPU.Build.0 = Release|Any CPU
		{7A392012-6BC2-4C84-A084-F7CA8FF23B1E}.Debug|Any CPU.ActiveCfg = Debug|Any CPU
		{7A392012-6BC2-4C84-A084-F7CA8FF23B1E}.Debug|Any CPU.Build.0 = Debug|Any CPU
		{7A392012-6BC2-4C84-A084-F7CA8FF23B1E}.Release|Any CPU.ActiveCfg = Release|Any CPU
		{7A392012-6BC2-4C84-A084-F7CA8FF23B1E}.Release|Any CPU.Build.0 = Release|Any CPU
		{B545CBA6-2C5B-4EAA-9F11-511A1E06753D}.Debug|Any CPU.ActiveCfg = Debug|Any CPU
		{B545CBA6-2C5B-4EAA-9F11-511A1E06753D}.Debug|Any CPU.Build.0 = Debug|Any CPU
		{B545CBA6-2C5B-4EAA-9F11-511A1E06753D}.Release|Any CPU.ActiveCfg = Release|Any CPU
		{B545CBA6-2C5B-4EAA-9F11-511A1E06753D}.Release|Any CPU.Build.0 = Release|Any CPU
		{320D049B-5BFE-44FE-AF46-0EAA0D59E1A5}.Debug|Any CPU.ActiveCfg = Debug|Any CPU
		{320D049B-5BFE-44FE-AF46-0EAA0D59E1A5}.Debug|Any CPU.Build.0 = Debug|Any CPU
		{320D049B-5BFE-44FE-AF46-0EAA0D59E1A5}.Release|Any CPU.ActiveCfg = Release|Any CPU
		{320D049B-5BFE-44FE-AF46-0EAA0D59E1A5}.Release|Any CPU.Build.0 = Release|Any CPU
		{E47FA79A-07D5-40FB-A564-CD724CFAD8F1}.Debug|Any CPU.ActiveCfg = Debug|Any CPU
		{E47FA79A-07D5-40FB-A564-CD724CFAD8F1}.Debug|Any CPU.Build.0 = Debug|Any CPU
		{E47FA79A-07D5-40FB-A564-CD724CFAD8F1}.Release|Any CPU.ActiveCfg = Release|Any CPU
		{E47FA79A-07D5-40FB-A564-CD724CFAD8F1}.Release|Any CPU.Build.0 = Release|Any CPU
		{56AA515D-C2EB-4E4D-B5D6-E231AAD5F0EE}.Debug|Any CPU.ActiveCfg = Debug|Any CPU
		{56AA515D-C2EB-4E4D-B5D6-E231AAD5F0EE}.Debug|Any CPU.Build.0 = Debug|Any CPU
		{56AA515D-C2EB-4E4D-B5D6-E231AAD5F0EE}.Release|Any CPU.ActiveCfg = Release|Any CPU
		{56AA515D-C2EB-4E4D-B5D6-E231AAD5F0EE}.Release|Any CPU.Build.0 = Release|Any CPU
		{8138698C-6D43-4EC9-B962-39342B0F211B}.Debug|Any CPU.ActiveCfg = Debug|Any CPU
		{8138698C-6D43-4EC9-B962-39342B0F211B}.Debug|Any CPU.Build.0 = Debug|Any CPU
		{8138698C-6D43-4EC9-B962-39342B0F211B}.Release|Any CPU.ActiveCfg = Release|Any CPU
		{8138698C-6D43-4EC9-B962-39342B0F211B}.Release|Any CPU.Build.0 = Release|Any CPU
		{86E3285C-C409-484F-B6F6-09F75132948E}.Debug|Any CPU.ActiveCfg = Debug|Any CPU
		{86E3285C-C409-484F-B6F6-09F75132948E}.Debug|Any CPU.Build.0 = Debug|Any CPU
		{86E3285C-C409-484F-B6F6-09F75132948E}.Release|Any CPU.ActiveCfg = Release|Any CPU
		{86E3285C-C409-484F-B6F6-09F75132948E}.Release|Any CPU.Build.0 = Release|Any CPU
		{D15F31C5-F521-4256-8156-F65058CA8006}.Debug|Any CPU.ActiveCfg = Debug|Any CPU
		{D15F31C5-F521-4256-8156-F65058CA8006}.Debug|Any CPU.Build.0 = Debug|Any CPU
		{D15F31C5-F521-4256-8156-F65058CA8006}.Release|Any CPU.ActiveCfg = Release|Any CPU
		{D15F31C5-F521-4256-8156-F65058CA8006}.Release|Any CPU.Build.0 = Release|Any CPU
	EndGlobalSection
	GlobalSection(SolutionProperties) = preSolution
		HideSolutionNode = FALSE
	EndGlobalSection
	GlobalSection(NestedProjects) = preSolution
		{23A6F857-9351-4975-A2F1-02E3C44F140D} = {FECFC48E-9F21-41F7-9F4D-B1668AFA973F}
		{7A392012-6BC2-4C84-A084-F7CA8FF23B1E} = {FECFC48E-9F21-41F7-9F4D-B1668AFA973F}
		{B545CBA6-2C5B-4EAA-9F11-511A1E06753D} = {FECFC48E-9F21-41F7-9F4D-B1668AFA973F}
		{320D049B-5BFE-44FE-AF46-0EAA0D59E1A5} = {FECFC48E-9F21-41F7-9F4D-B1668AFA973F}
		{E47FA79A-07D5-40FB-A564-CD724CFAD8F1} = {FECFC48E-9F21-41F7-9F4D-B1668AFA973F}
		{56AA515D-C2EB-4E4D-B5D6-E231AAD5F0EE} = {FECFC48E-9F21-41F7-9F4D-B1668AFA973F}
		{8138698C-6D43-4EC9-B962-39342B0F211B} = {FECFC48E-9F21-41F7-9F4D-B1668AFA973F}
		{86E3285C-C409-484F-B6F6-09F75132948E} = {BE31D1CD-EFA3-4B0E-9621-62B1BCC2DEED}
		{D15F31C5-F521-4256-8156-F65058CA8006} = {BE31D1CD-EFA3-4B0E-9621-62B1BCC2DEED}
	EndGlobalSection
EndGlobal
